
Microsoft Visual Studio Solution File, Format Version 12.00
# Visual Studio Version 17
VisualStudioVersion = 17.9.34616.47
MinimumVisualStudioVersion = 10.0.40219.1
Project("{9A19103F-16F7-4668-BE54-9A1E7A4F7556}") = "petrolOfisi", "petrolOfisi\petrolOfisi.csproj", "{4A2FCE4E-40E5-4DB9-8475-6E65C6F242C1}"
EndProject
Project("{54435603-DBB4-11D2-8724-00A0C9A8B90C}") = "petrolOfisiSetup", "petrolOfisiSetup\petrolOfisiSetup.vdproj", "{C1136E1D-7978-4E3E-840E-02A38D98ED68}"
EndProject
Global
	GlobalSection(SolutionConfigurationPlatforms) = preSolution
		Debug|Any CPU = Debug|Any CPU
		Release|Any CPU = Release|Any CPU
	EndGlobalSection
	GlobalSection(ProjectConfigurationPlatforms) = postSolution
		{4A2FCE4E-40E5-4DB9-8475-6E65C6F242C1}.Debug|Any CPU.ActiveCfg = Debug|Any CPU
		{4A2FCE4E-40E5-4DB9-8475-6E65C6F242C1}.Debug|Any CPU.Build.0 = Debug|Any CPU
		{4A2FCE4E-40E5-4DB9-8475-6E65C6F242C1}.Release|Any CPU.ActiveCfg = Release|Any CPU
		{4A2FCE4E-40E5-4DB9-8475-6E65C6F242C1}.Release|Any CPU.Build.0 = Release|Any CPU
		{C1136E1D-7978-4E3E-840E-02A38D98ED68}.Debug|Any CPU.ActiveCfg = Debug
		{C1136E1D-7978-4E3E-840E-02A38D98ED68}.Release|Any CPU.ActiveCfg = Release
	EndGlobalSection
	GlobalSection(SolutionProperties) = preSolution
		HideSolutionNode = FALSE
	EndGlobalSection
	GlobalSection(ExtensibilityGlobals) = postSolution
		SolutionGuid = {C5F14008-1391-410A-B0C2-41B528CCAA51}
	EndGlobalSection
EndGlobal
